
Microsoft Visual Studio Solution File, Format Version 12.00
# Visual Studio Version 16
VisualStudioVersion = 16.0.30309.148
MinimumVisualStudioVersion = 10.0.40219.1
Project("{9A19103F-16F7-4668-BE54-9A1E7A4F7556}") = "aspnetapp", "aspnetapp.csproj", "{8332B85E-FFDC-4684-886E-EC498BDBF343}"
EndProject
Global
	GlobalSection(SolutionConfigurationPlatforms) = preSolution
		Debug|Any CPU = Debug|Any CPU
		Release|Any CPU = Release|Any CPU
	EndGlobalSection
	GlobalSection(ProjectConfigurationPlatforms) = postSolution
		{8332B85E-FFDC-4684-886E-EC498BDBF343}.Debug|Any CPU.ActiveCfg = Debug|Any CPU
		{8332B85E-FFDC-4684-886E-EC498BDBF343}.Debug|Any CPU.Build.0 = Debug|Any CPU
		{8332B85E-FFDC-4684-886E-EC498BDBF343}.Release|Any CPU.ActiveCfg = Release|Any CPU
		{8332B85E-FFDC-4684-886E-EC498BDBF343}.Release|Any CPU.Build.0 = Release|Any CPU
	EndGlobalSection
	GlobalSection(SolutionProperties) = preSolution
		HideSolutionNode = FALSE
	EndGlobalSection
	GlobalSection(ExtensibilityGlobals) = postSolution
		SolutionGuid = {B5E85936-3D95-469C-8B03-954B3AE0C63D}
	EndGlobalSection
EndGlobal
